
Microsoft Visual Studio Solution File, Format Version 12.00
# Visual Studio Version 16
VisualStudioVersion = 16.0.32106.194
MinimumVisualStudioVersion = 10.0.40219.1
Project("{FAE04EC0-301F-11D3-BF4B-00C04F79EFBC}") = "DAL_Claculadora", "DAL_Claculadora\DAL_Claculadora.csproj", "{D9272EDC-55EA-483E-8CF6-F5CDC1323FDF}"
EndProject
Global
	GlobalSection(SolutionConfigurationPlatforms) = preSolution
		Debug|Any CPU = Debug|Any CPU
		Release|Any CPU = Release|Any CPU
	EndGlobalSection
	GlobalSection(ProjectConfigurationPlatforms) = postSolution
		{D9272EDC-55EA-483E-8CF6-F5CDC1323FDF}.Debug|Any CPU.ActiveCfg = Debug|Any CPU
		{D9272EDC-55EA-483E-8CF6-F5CDC1323FDF}.Debug|Any CPU.Build.0 = Debug|Any CPU
		{D9272EDC-55EA-483E-8CF6-F5CDC1323FDF}.Release|Any CPU.ActiveCfg = Release|Any CPU
		{D9272EDC-55EA-483E-8CF6-F5CDC1323FDF}.Release|Any CPU.Build.0 = Release|Any CPU
	EndGlobalSection
	GlobalSection(SolutionProperties) = preSolution
		HideSolutionNode = FALSE
	EndGlobalSection
	GlobalSection(ExtensibilityGlobals) = postSolution
		SolutionGuid = {C93814CA-881E-4C01-A38B-D1D36741161B}
	EndGlobalSection
EndGlobal
